{
  "version": 4,
  "terraform_version": "1.3.9",
  "serial": 62,
  "lineage": "a5bd16c3-fe2e-2023-2584-d0832ceb9ec3",
  "outputs": {
    "IPAddressId": {
      "value": "/subscriptions/1b047fdb-bdda-4b21-a4de-aa6fb6f8731a/resourceGroups/myTFResourceGroupRG/providers/Microsoft.Network/publicIPAddresses/tf_PublicIP",
      "type": "string"
    },
    "NICId": {
      "value": "/subscriptions/1b047fdb-bdda-4b21-a4de-aa6fb6f8731a/resourceGroups/myTFResourceGroupRG/providers/Microsoft.Network/networkInterfaces/tf_NIC",
      "type": "string"
    },
    "NSGId": {
      "value": "/subscriptions/1b047fdb-bdda-4b21-a4de-aa6fb6f8731a/resourceGroups/myTFResourceGroupRG/providers/Microsoft.Network/networkSecurityGroups/tf_NetworkSecurityGroup",
      "type": "string"
    },
    "StorageURI": {
      "value": "https://tfstorage20230219.blob.core.windows.net/",
      "type": "string"
    },
    "SubNetId": {
      "value": "/subscriptions/1b047fdb-bdda-4b21-a4de-aa6fb6f8731a/resourceGroups/myTFResourceGroupRG/providers/Microsoft.Network/virtualNetworks/tf_vnet/subnets/tf_subnet",
      "type": "string"
    },
    "SubNetName": {
      "value": [
        "tf_subnet"
      ],
      "type": [
        "list",
        "string"
      ]
    }
  },
  "resources": [
    {
      "module": "module.DiagnosticsService",
      "mode": "data",
      "type": "azurerm_key_vault",
      "name": "example",
      "provider": "provider[\"registry.terraform.io/hashicorp/azurerm\"]",
      "instances": [
        {
          "schema_version": 0,
          "attributes": {
            "access_policy": [
              {
                "application_id": "",
                "certificate_permissions": [
                  "Get",
                  "List",
                  "Update",
                  "Create",
                  "Import",
                  "Delete",
                  "Recover",
                  "Backup",
                  "Restore",
                  "ManageContacts",
                  "ManageIssuers",
                  "GetIssuers",
                  "ListIssuers",
                  "SetIssuers",
                  "DeleteIssuers"
                ],
                "key_permissions": [
                  "Get",
                  "List",
                  "Update",
                  "Create",
                  "Import",
                  "Delete",
                  "Recover",
                  "Backup",
                  "Restore",
                  "GetRotationPolicy",
                  "SetRotationPolicy",
                  "Rotate"
                ],
                "object_id": "9607936d-569c-4fdb-9fb5-15ebc8b2fc8f",
                "secret_permissions": [
                  "Get",
                  "List",
                  "Set",
                  "Delete",
                  "Recover",
                  "Backup",
                  "Restore"
                ],
                "storage_permissions": [],
                "tenant_id": "3bd98257-a981-43ea-8dbe-e4c197b99992"
              }
            ],
            "enable_rbac_authorization": false,
            "enabled_for_deployment": false,
            "enabled_for_disk_encryption": false,
            "enabled_for_template_deployment": false,
            "id": "/subscriptions/1b047fdb-bdda-4b21-a4de-aa6fb6f8731a/resourceGroups/myTFstateRG/providers/Microsoft.KeyVault/vaults/tf-keyvault-20230220",
            "location": "westeurope",
            "name": "tf-keyvault-20230220",
            "network_acls": [],
            "public_network_access_enabled": true,
            "purge_protection_enabled": false,
            "resource_group_name": "myTFstateRG",
            "sku_name": "Standard",
            "tags": {},
            "tenant_id": "3bd98257-a981-43ea-8dbe-e4c197b99992",
            "timeouts": null,
            "vault_uri": "https://tf-keyvault-20230220.vault.azure.net/"
          },
          "sensitive_attributes": []
        }
      ]
    },
    {
      "module": "module.DiagnosticsService",
      "mode": "managed",
      "type": "azurerm_monitor_diagnostic_setting",
      "name": "TfModules",
      "provider": "provider[\"registry.terraform.io/hashicorp/azurerm\"]",
      "instances": [
        {
          "schema_version": 0,
          "attributes": {
            "enabled_log": [
              {
                "category": "AuditEvent",
                "category_group": "",
                "retention_policy": [
                  {
                    "days": null,
                    "enabled": false
                  }
                ]
              }
            ],
            "eventhub_authorization_rule_id": "",
            "eventhub_name": "",
            "id": "/subscriptions/1b047fdb-bdda-4b21-a4de-aa6fb6f8731a/resourceGroups/myTFstateRG/providers/Microsoft.KeyVault/vaults/tf-keyvault-20230220|tf_DiagnosticSettings",
            "log": [
              {
                "category": "AuditEvent",
                "category_group": "",
                "enabled": true,
                "retention_policy": [
                  {
                    "days": 0,
                    "enabled": false
                  }
                ]
              },
              {
                "category": "AzurePolicyEvaluationDetails",
                "category_group": "",
                "enabled": false,
                "retention_policy": [
                  {
                    "days": 0,
                    "enabled": false
                  }
                ]
              }
            ],
            "log_analytics_destination_type": "",
            "log_analytics_workspace_id": "",
            "metric": [
              {
                "category": "AllMetrics",
                "enabled": true,
                "retention_policy": [
                  {
                    "days": null,
                    "enabled": false
                  }
                ]
              }
            ],
            "name": "tf_DiagnosticSettings",
            "partner_solution_id": null,
            "storage_account_id": "/subscriptions/1b047fdb-bdda-4b21-a4de-aa6fb6f8731a/resourceGroups/myTFResourceGroupRG/providers/Microsoft.Storage/storageAccounts/tfstorage20230219",
            "target_resource_id": "/subscriptions/1b047fdb-bdda-4b21-a4de-aa6fb6f8731a/resourceGroups/myTFstateRG/providers/Microsoft.KeyVault/vaults/tf-keyvault-20230220",
            "timeouts": null
          },
          "sensitive_attributes": [],
          "private": "eyJlMmJmYjczMC1lY2FhLTExZTYtOGY4OC0zNDM2M2JjN2M0YzAiOnsiY3JlYXRlIjoxODAwMDAwMDAwMDAwLCJkZWxldGUiOjM2MDAwMDAwMDAwMDAsInJlYWQiOjMwMDAwMDAwMDAwMCwidXBkYXRlIjoxODAwMDAwMDAwMDAwfX0=",
          "dependencies": [
            "module.DiagnosticsService.azurerm_storage_account.example",
            "module.DiagnosticsService.data.azurerm_key_vault.example"
          ]
        }
      ]
    },
    {
      "module": "module.DiagnosticsService",
      "mode": "managed",
      "type": "azurerm_storage_account",
      "name": "example",
      "provider": "provider[\"registry.terraform.io/hashicorp/azurerm\"]",
      "instances": [
        {
          "schema_version": 3,
          "attributes": {
            "access_tier": "Hot",
            "account_kind": "StorageV2",
            "account_replication_type": "LRS",
            "account_tier": "Standard",
            "allow_nested_items_to_be_public": true,
            "allowed_copy_scope": "",
            "azure_files_authentication": [],
            "blob_properties": [
              {
                "change_feed_enabled": false,
                "change_feed_retention_in_days": 0,
                "container_delete_retention_policy": [],
                "cors_rule": [],
                "default_service_version": "",
                "delete_retention_policy": [],
                "last_access_time_enabled": false,
                "restore_policy": [],
                "versioning_enabled": false
              }
            ],
            "cross_tenant_replication_enabled": true,
            "custom_domain": [],
            "customer_managed_key": [],
            "default_to_oauth_authentication": false,
            "edge_zone": "",
            "enable_https_traffic_only": true,
            "id": "/subscriptions/1b047fdb-bdda-4b21-a4de-aa6fb6f8731a/resourceGroups/myTFResourceGroupRG/providers/Microsoft.Storage/storageAccounts/tfstorage20230219",
            "identity": [],
            "immutability_policy": [],
            "infrastructure_encryption_enabled": false,
            "is_hns_enabled": false,
            "large_file_share_enabled": null,
            "location": "westeurope",
            "min_tls_version": "TLS1_2",
            "name": "tfstorage20230219",
            "network_rules": [
              {
                "bypass": [
                  "AzureServices"
                ],
                "default_action": "Allow",
                "ip_rules": [],
                "private_link_access": [],
                "virtual_network_subnet_ids": []
              }
            ],
            "nfsv3_enabled": false,
            "primary_access_key": "ld5VTqeMve/z1OQv4Qq5R1Ro2J4tANlrCt/JqPwRpqB+5tggZ7MXGaSBFwnuG4fw940zHyzeVHMB+AStFvprjw==",
            "primary_blob_connection_string": "DefaultEndpointsProtocol=https;BlobEndpoint=https://tfstorage20230219.blob.core.windows.net/;AccountName=tfstorage20230219;AccountKey=ld5VTqeMve/z1OQv4Qq5R1Ro2J4tANlrCt/JqPwRpqB+5tggZ7MXGaSBFwnuG4fw940zHyzeVHMB+AStFvprjw==",
            "primary_blob_endpoint": "https://tfstorage20230219.blob.core.windows.net/",
            "primary_blob_host": "tfstorage20230219.blob.core.windows.net",
            "primary_connection_string": "DefaultEndpointsProtocol=https;AccountName=tfstorage20230219;AccountKey=ld5VTqeMve/z1OQv4Qq5R1Ro2J4tANlrCt/JqPwRpqB+5tggZ7MXGaSBFwnuG4fw940zHyzeVHMB+AStFvprjw==;EndpointSuffix=core.windows.net",
            "primary_dfs_endpoint": "https://tfstorage20230219.dfs.core.windows.net/",
            "primary_dfs_host": "tfstorage20230219.dfs.core.windows.net",
            "primary_file_endpoint": "https://tfstorage20230219.file.core.windows.net/",
            "primary_file_host": "tfstorage20230219.file.core.windows.net",
            "primary_location": "westeurope",
            "primary_queue_endpoint": "https://tfstorage20230219.queue.core.windows.net/",
            "primary_queue_host": "tfstorage20230219.queue.core.windows.net",
            "primary_table_endpoint": "https://tfstorage20230219.table.core.windows.net/",
            "primary_table_host": "tfstorage20230219.table.core.windows.net",
            "primary_web_endpoint": "https://tfstorage20230219.z6.web.core.windows.net/",
            "primary_web_host": "tfstorage20230219.z6.web.core.windows.net",
            "public_network_access_enabled": true,
            "queue_encryption_key_type": "Service",
            "queue_properties": [
              {
                "cors_rule": [],
                "hour_metrics": [
                  {
                    "enabled": true,
                    "include_apis": true,
                    "retention_policy_days": 7,
                    "version": "1.0"
                  }
                ],
                "logging": [
                  {
                    "delete": false,
                    "read": false,
                    "retention_policy_days": 0,
                    "version": "1.0",
                    "write": false
                  }
                ],
                "minute_metrics": [
                  {
                    "enabled": false,
                    "include_apis": false,
                    "retention_policy_days": 0,
                    "version": "1.0"
                  }
                ]
              }
            ],
            "resource_group_name": "myTFResourceGroupRG",
            "routing": [],
            "sas_policy": [],
            "secondary_access_key": "WZFM7qWJFPAAoWnaAEU1dDQFX6a05SQFkxPIRwzpxTWzLM9CYS6lLitQl8l0cpS3k9/SVzblQMjm+AStU5/xiQ==",
            "secondary_blob_connection_string": "",
            "secondary_blob_endpoint": null,
            "secondary_blob_host": null,
            "secondary_connection_string": "DefaultEndpointsProtocol=https;AccountName=tfstorage20230219;AccountKey=WZFM7qWJFPAAoWnaAEU1dDQFX6a05SQFkxPIRwzpxTWzLM9CYS6lLitQl8l0cpS3k9/SVzblQMjm+AStU5/xiQ==;EndpointSuffix=core.windows.net",
            "secondary_dfs_endpoint": null,
            "secondary_dfs_host": null,
            "secondary_file_endpoint": null,
            "secondary_file_host": null,
            "secondary_location": "",
            "secondary_queue_endpoint": null,
            "secondary_queue_host": null,
            "secondary_table_endpoint": null,
            "secondary_table_host": null,
            "secondary_web_endpoint": null,
            "secondary_web_host": null,
            "sftp_enabled": false,
            "share_properties": [
              {
                "cors_rule": [],
                "retention_policy": [
                  {
                    "days": 7
                  }
                ],
                "smb": []
              }
            ],
            "shared_access_key_enabled": true,
            "static_website": [],
            "table_encryption_key_type": "Service",
            "tags": {},
            "timeouts": null
          },
          "sensitive_attributes": [],
          "private": "eyJlMmJmYjczMC1lY2FhLTExZTYtOGY4OC0zNDM2M2JjN2M0YzAiOnsiY3JlYXRlIjozNjAwMDAwMDAwMDAwLCJkZWxldGUiOjM2MDAwMDAwMDAwMDAsInJlYWQiOjMwMDAwMDAwMDAwMCwidXBkYXRlIjozNjAwMDAwMDAwMDAwfSwic2NoZW1hX3ZlcnNpb24iOiIzIn0="
        }
      ]
    },
    {
      "module": "module.IPAdress",
      "mode": "managed",
      "type": "azurerm_public_ip",
      "name": "TfModules",
      "provider": "provider[\"registry.terraform.io/hashicorp/azurerm\"]",
      "instances": [
        {
          "schema_version": 0,
          "attributes": {
            "allocation_method": "Dynamic",
            "ddos_protection_mode": "VirtualNetworkInherited",
            "ddos_protection_plan_id": null,
            "domain_name_label": null,
            "edge_zone": "",
            "fqdn": null,
            "id": "/subscriptions/1b047fdb-bdda-4b21-a4de-aa6fb6f8731a/resourceGroups/myTFResourceGroupRG/providers/Microsoft.Network/publicIPAddresses/tf_PublicIP",
            "idle_timeout_in_minutes": 4,
            "ip_address": "",
            "ip_tags": {},
            "ip_version": "IPv4",
            "location": "westeurope",
            "name": "tf_PublicIP",
            "public_ip_prefix_id": null,
            "resource_group_name": "myTFResourceGroupRG",
            "reverse_fqdn": null,
            "sku": "Basic",
            "sku_tier": "Regional",
            "tags": {},
            "timeouts": null,
            "zones": []
          },
          "sensitive_attributes": [],
          "private": "eyJlMmJmYjczMC1lY2FhLTExZTYtOGY4OC0zNDM2M2JjN2M0YzAiOnsiY3JlYXRlIjoxODAwMDAwMDAwMDAwLCJkZWxldGUiOjE4MDAwMDAwMDAwMDAsInJlYWQiOjMwMDAwMDAwMDAwMCwidXBkYXRlIjoxODAwMDAwMDAwMDAwfX0=",
          "dependencies": [
            "module.ResourceGroup.azurerm_resource_group.TfModules"
          ]
        }
      ]
    },
    {
      "module": "module.NIC",
      "mode": "managed",
      "type": "azurerm_network_interface",
      "name": "TfModules",
      "provider": "provider[\"registry.terraform.io/hashicorp/azurerm\"]",
      "instances": [
        {
          "schema_version": 0,
          "attributes": {
            "applied_dns_servers": [],
            "dns_servers": [],
            "edge_zone": "",
            "enable_accelerated_networking": false,
            "enable_ip_forwarding": false,
            "id": "/subscriptions/1b047fdb-bdda-4b21-a4de-aa6fb6f8731a/resourceGroups/myTFResourceGroupRG/providers/Microsoft.Network/networkInterfaces/tf_NIC",
            "internal_dns_name_label": "",
            "internal_domain_name_suffix": "i0sigwphmrxupixqigovayluuc.ax.internal.cloudapp.net",
            "ip_configuration": [
              {
                "gateway_load_balancer_frontend_ip_configuration_id": "",
                "name": "test",
                "primary": true,
                "private_ip_address": "10.0.1.4",
                "private_ip_address_allocation": "Dynamic",
                "private_ip_address_version": "IPv4",
                "public_ip_address_id": "",
                "subnet_id": "/subscriptions/1b047fdb-bdda-4b21-a4de-aa6fb6f8731a/resourceGroups/myTFResourceGroupRG/providers/Microsoft.Network/virtualNetworks/tf_vnet/subnets/tf_subnet"
              }
            ],
            "location": "westeurope",
            "mac_address": "00-0D-3A-4C-CE-D5",
            "name": "tf_NIC",
            "private_ip_address": "10.0.1.4",
            "private_ip_addresses": [
              "10.0.1.4"
            ],
            "resource_group_name": "myTFResourceGroupRG",
            "tags": {},
            "timeouts": null,
            "virtual_machine_id": "/subscriptions/1b047fdb-bdda-4b21-a4de-aa6fb6f8731a/resourceGroups/myTFResourceGroupRG/providers/Microsoft.Compute/virtualMachines/tf-machine"
          },
          "sensitive_attributes": [],
          "private": "eyJlMmJmYjczMC1lY2FhLTExZTYtOGY4OC0zNDM2M2JjN2M0YzAiOnsiY3JlYXRlIjoxODAwMDAwMDAwMDAwLCJkZWxldGUiOjE4MDAwMDAwMDAwMDAsInJlYWQiOjMwMDAwMDAwMDAwMCwidXBkYXRlIjoxODAwMDAwMDAwMDAwfX0=",
          "dependencies": [
            "module.ResourceGroup.azurerm_resource_group.TfModules",
            "module.VirtualNetwork.azurerm_virtual_network.TfModules"
          ]
        }
      ]
    },
    {
      "module": "module.NSG",
      "mode": "managed",
      "type": "azurerm_network_security_group",
      "name": "TfModules",
      "provider": "provider[\"registry.terraform.io/hashicorp/azurerm\"]",
      "instances": [
        {
          "schema_version": 0,
          "attributes": {
            "id": "/subscriptions/1b047fdb-bdda-4b21-a4de-aa6fb6f8731a/resourceGroups/myTFResourceGroupRG/providers/Microsoft.Network/networkSecurityGroups/tf_NetworkSecurityGroup",
            "location": "westeurope",
            "name": "tf_NetworkSecurityGroup",
            "resource_group_name": "myTFResourceGroupRG",
            "security_rule": [],
            "tags": {},
            "timeouts": null
          },
          "sensitive_attributes": [],
          "private": "eyJlMmJmYjczMC1lY2FhLTExZTYtOGY4OC0zNDM2M2JjN2M0YzAiOnsiY3JlYXRlIjoxODAwMDAwMDAwMDAwLCJkZWxldGUiOjE4MDAwMDAwMDAwMDAsInJlYWQiOjMwMDAwMDAwMDAwMCwidXBkYXRlIjoxODAwMDAwMDAwMDAwfX0=",
          "dependencies": [
            "module.ResourceGroup.azurerm_resource_group.TfModules"
          ]
        }
      ]
    },
    {
      "module": "module.ResourceGroup",
      "mode": "managed",
      "type": "azurerm_resource_group",
      "name": "TfModules",
      "provider": "provider[\"registry.terraform.io/hashicorp/azurerm\"]",
      "instances": [
        {
          "schema_version": 0,
          "attributes": {
            "id": "/subscriptions/1b047fdb-bdda-4b21-a4de-aa6fb6f8731a/resourceGroups/myTFResourceGroupRG",
            "location": "westeurope",
            "name": "myTFResourceGroupRG",
            "tags": {},
            "timeouts": null
          },
          "sensitive_attributes": [],
          "private": "eyJlMmJmYjczMC1lY2FhLTExZTYtOGY4OC0zNDM2M2JjN2M0YzAiOnsiY3JlYXRlIjo1NDAwMDAwMDAwMDAwLCJkZWxldGUiOjU0MDAwMDAwMDAwMDAsInJlYWQiOjMwMDAwMDAwMDAwMCwidXBkYXRlIjo1NDAwMDAwMDAwMDAwfX0="
        }
      ]
    },
    {
      "module": "module.VirtualMachine",
      "mode": "managed",
      "type": "azurerm_windows_virtual_machine",
      "name": "TfModules",
      "provider": "provider[\"registry.terraform.io/hashicorp/azurerm\"]",
      "instances": [
        {
          "schema_version": 0,
          "attributes": {
            "additional_capabilities": [],
            "additional_unattend_content": [],
            "admin_password": "testP_13swrd",
            "admin_username": "adminuser",
            "allow_extension_operations": true,
            "availability_set_id": "",
            "boot_diagnostics": [],
            "capacity_reservation_group_id": "",
            "computer_name": "tf-machine",
            "custom_data": null,
            "dedicated_host_group_id": "",
            "dedicated_host_id": "",
            "edge_zone": "",
            "enable_automatic_updates": true,
            "encryption_at_host_enabled": false,
            "eviction_policy": "",
            "extensions_time_budget": "PT1H30M",
            "gallery_application": [],
            "hotpatching_enabled": false,
            "id": "/subscriptions/1b047fdb-bdda-4b21-a4de-aa6fb6f8731a/resourceGroups/myTFResourceGroupRG/providers/Microsoft.Compute/virtualMachines/tf-machine",
            "identity": [],
            "license_type": "",
            "location": "westeurope",
            "max_bid_price": -1,
            "name": "tf-machine",
            "network_interface_ids": [
              "/subscriptions/1b047fdb-bdda-4b21-a4de-aa6fb6f8731a/resourceGroups/myTFResourceGroupRG/providers/Microsoft.Network/networkInterfaces/tf_NIC"
            ],
            "os_disk": [
              {
                "caching": "ReadWrite",
                "diff_disk_settings": [],
                "disk_encryption_set_id": "",
                "disk_size_gb": 127,
                "name": "tf-machine_OsDisk_1_4cdee3e1dba145d6ad7aad0b8e5e6380",
                "secure_vm_disk_encryption_set_id": "",
                "security_encryption_type": "",
                "storage_account_type": "Standard_LRS",
                "write_accelerator_enabled": false
              }
            ],
            "patch_assessment_mode": "ImageDefault",
            "patch_mode": "AutomaticByOS",
            "plan": [],
            "platform_fault_domain": -1,
            "priority": "Regular",
            "private_ip_address": "10.0.1.4",
            "private_ip_addresses": [
              "10.0.1.4"
            ],
            "provision_vm_agent": true,
            "proximity_placement_group_id": "",
            "public_ip_address": "",
            "public_ip_addresses": [],
            "resource_group_name": "myTFResourceGroupRG",
            "secret": [],
            "secure_boot_enabled": false,
            "size": "Standard_F2",
            "source_image_id": "",
            "source_image_reference": [
              {
                "offer": "WindowsServer",
                "publisher": "MicrosoftWindowsServer",
                "sku": "2016-Datacenter",
                "version": "latest"
              }
            ],
            "tags": {},
            "termination_notification": [],
            "timeouts": null,
            "timezone": "",
            "user_data": "",
            "virtual_machine_id": "ac2d8c26-2a91-4591-9d57-f81ce0716ef2",
            "virtual_machine_scale_set_id": "",
            "vtpm_enabled": false,
            "winrm_listener": [],
            "zone": ""
          },
          "sensitive_attributes": [],
          "private": "eyJlMmJmYjczMC1lY2FhLTExZTYtOGY4OC0zNDM2M2JjN2M0YzAiOnsiY3JlYXRlIjoyNzAwMDAwMDAwMDAwLCJkZWxldGUiOjI3MDAwMDAwMDAwMDAsInJlYWQiOjMwMDAwMDAwMDAwMCwidXBkYXRlIjoyNzAwMDAwMDAwMDAwfX0=",
          "dependencies": [
            "module.NIC.azurerm_network_interface.TfModules",
            "module.ResourceGroup.azurerm_resource_group.TfModules",
            "module.VirtualNetwork.azurerm_virtual_network.TfModules"
          ]
        }
      ]
    },
    {
      "module": "module.VirtualNetwork",
      "mode": "managed",
      "type": "azurerm_virtual_network",
      "name": "TfModules",
      "provider": "provider[\"registry.terraform.io/hashicorp/azurerm\"]",
      "instances": [
        {
          "schema_version": 0,
          "attributes": {
            "address_space": [
              "10.0.0.0/16"
            ],
            "bgp_community": "",
            "ddos_protection_plan": [],
            "dns_servers": [],
            "edge_zone": "",
            "flow_timeout_in_minutes": 0,
            "guid": "5983a446-64e7-476f-a2f0-419d506174a2",
            "id": "/subscriptions/1b047fdb-bdda-4b21-a4de-aa6fb6f8731a/resourceGroups/myTFResourceGroupRG/providers/Microsoft.Network/virtualNetworks/tf_vnet",
            "location": "westeurope",
            "name": "tf_vnet",
            "resource_group_name": "myTFResourceGroupRG",
            "subnet": [
              {
                "address_prefix": "10.0.1.0/24",
                "id": "/subscriptions/1b047fdb-bdda-4b21-a4de-aa6fb6f8731a/resourceGroups/myTFResourceGroupRG/providers/Microsoft.Network/virtualNetworks/tf_vnet/subnets/tf_subnet",
                "name": "tf_subnet",
                "security_group": ""
              }
            ],
            "tags": {},
            "timeouts": null
          },
          "sensitive_attributes": [],
          "private": "eyJlMmJmYjczMC1lY2FhLTExZTYtOGY4OC0zNDM2M2JjN2M0YzAiOnsiY3JlYXRlIjoxODAwMDAwMDAwMDAwLCJkZWxldGUiOjE4MDAwMDAwMDAwMDAsInJlYWQiOjMwMDAwMDAwMDAwMCwidXBkYXRlIjoxODAwMDAwMDAwMDAwfX0=",
          "dependencies": [
            "module.ResourceGroup.azurerm_resource_group.TfModules"
          ]
        }
      ]
    }
  ],
  "check_results": null
}
